
Microsoft Visual Studio Solution File, Format Version 12.00
# Visual Studio Version 17
VisualStudioVersion = 17.14.36603.0 d17.14
MinimumVisualStudioVersion = 10.0.40219.1
Project("{FAE04EC0-301F-11D3-BF4B-00C04F79EFBC}") = "CourseWork_3sem_Menu", "CourseWork_3sem_Menu.csproj", "{15114B82-BD66-1E7F-8BB9-F2294D64F3B5}"
EndProject
Global
	GlobalSection(SolutionConfigurationPlatforms) = preSolution
		Debug|Any CPU = Debug|Any CPU
		Release|Any CPU = Release|Any CPU
	EndGlobalSection
	GlobalSection(ProjectConfigurationPlatforms) = postSolution
		{15114B82-BD66-1E7F-8BB9-F2294D64F3B5}.Debug|Any CPU.ActiveCfg = Debug|Any CPU
		{15114B82-BD66-1E7F-8BB9-F2294D64F3B5}.Debug|Any CPU.Build.0 = Debug|Any CPU
		{15114B82-BD66-1E7F-8BB9-F2294D64F3B5}.Release|Any CPU.ActiveCfg = Release|Any CPU
		{15114B82-BD66-1E7F-8BB9-F2294D64F3B5}.Release|Any CPU.Build.0 = Release|Any CPU
	EndGlobalSection
	GlobalSection(SolutionProperties) = preSolution
		HideSolutionNode = FALSE
	EndGlobalSection
	GlobalSection(ExtensibilityGlobals) = postSolution
		SolutionGuid = {D7704DF7-307C-4913-BB9B-F2E6FE1F229C}
	EndGlobalSection
EndGlobal
